
Microsoft Visual Studio Solution File, Format Version 12.00
# Visual Studio Version 17
VisualStudioVersion = 17.14.36518.9
MinimumVisualStudioVersion = 10.0.40219.1
Project("{8BC9CEB8-8B4A-11D0-8D11-00A0C91BC942}") = "Lab-07a", "Lab-07a\Lab-07a.vcxproj", "{72D1F76C-65C6-49CC-9E15-6C4B212B924E}"
EndProject
Project("{8BC9CEB8-8B4A-11D0-8D11-00A0C91BC942}") = "Lab-07b", "Lab-07b\Lab-07b.vcxproj", "{1DDB8ECC-90DD-424A-9EF9-E2F1FB34DF1A}"
EndProject
Project("{8BC9CEB8-8B4A-11D0-8D11-00A0C91BC942}") = "Lab-07c", "Lab-07c\Lab-07c.vcxproj", "{6E88114A-395E-4169-B4D6-04F09DB3FE6E}"
EndProject
Project("{8BC9CEB8-8B4A-11D0-8D11-00A0C91BC942}") = "Lab-07x", "Lab-07x\Lab-07x.vcxproj", "{110FA2F1-1C18-480C-BA0C-557C679719F2}"
EndProject
Project("{8BC9CEB8-8B4A-11D0-8D11-00A0C91BC942}") = "Lab-07d", "Lab-07d\Lab-07d.vcxproj", "{4BC7E12B-6238-4EA3-96A2-5FB0F31B76A8}"
EndProject
Global
	GlobalSection(SolutionConfigurationPlatforms) = preSolution
		Debug|x64 = Debug|x64
		Debug|x86 = Debug|x86
		Release|x64 = Release|x64
		Release|x86 = Release|x86
	EndGlobalSection
	GlobalSection(ProjectConfigurationPlatforms) = postSolution
		{72D1F76C-65C6-49CC-9E15-6C4B212B924E}.Debug|x64.ActiveCfg = Debug|x64
		{72D1F76C-65C6-49CC-9E15-6C4B212B924E}.Debug|x64.Build.0 = Debug|x64
		{72D1F76C-65C6-49CC-9E15-6C4B212B924E}.Debug|x86.ActiveCfg = Debug|Win32
		{72D1F76C-65C6-49CC-9E15-6C4B212B924E}.Debug|x86.Build.0 = Debug|Win32
		{72D1F76C-65C6-49CC-9E15-6C4B212B924E}.Release|x64.ActiveCfg = Release|x64
		{72D1F76C-65C6-49CC-9E15-6C4B212B924E}.Release|x64.Build.0 = Release|x64
		{72D1F76C-65C6-49CC-9E15-6C4B212B924E}.Release|x86.ActiveCfg = Release|Win32
		{72D1F76C-65C6-49CC-9E15-6C4B212B924E}.Release|x86.Build.0 = Release|Win32
		{1DDB8ECC-90DD-424A-9EF9-E2F1FB34DF1A}.Debug|x64.ActiveCfg = Debug|x64
		{1DDB8ECC-90DD-424A-9EF9-E2F1FB34DF1A}.Debug|x64.Build.0 = Debug|x64
		{1DDB8ECC-90DD-424A-9EF9-E2F1FB34DF1A}.Debug|x86.ActiveCfg = Debug|Win32
		{1DDB8ECC-90DD-424A-9EF9-E2F1FB34DF1A}.Debug|x86.Build.0 = Debug|Win32
		{1DDB8ECC-90DD-424A-9EF9-E2F1FB34DF1A}.Release|x64.ActiveCfg = Release|x64
		{1DDB8ECC-90DD-424A-9EF9-E2F1FB34DF1A}.Release|x64.Build.0 = Release|x64
		{1DDB8ECC-90DD-424A-9EF9-E2F1FB34DF1A}.Release|x86.ActiveCfg = Release|Win32
		{1DDB8ECC-90DD-424A-9EF9-E2F1FB34DF1A}.Release|x86.Build.0 = Release|Win32
		{6E88114A-395E-4169-B4D6-04F09DB3FE6E}.Debug|x64.ActiveCfg = Debug|x64
		{6E88114A-395E-4169-B4D6-04F09DB3FE6E}.Debug|x64.Build.0 = Debug|x64
		{6E88114A-395E-4169-B4D6-04F09DB3FE6E}.Debug|x86.ActiveCfg = Debug|Win32
		{6E88114A-395E-4169-B4D6-04F09DB3FE6E}.Debug|x86.Build.0 = Debug|Win32
		{6E88114A-395E-4169-B4D6-04F09DB3FE6E}.Release|x64.ActiveCfg = Release|x64
		{6E88114A-395E-4169-B4D6-04F09DB3FE6E}.Release|x64.Build.0 = Release|x64
		{6E88114A-395E-4169-B4D6-04F09DB3FE6E}.Release|x86.ActiveCfg = Release|Win32
		{6E88114A-395E-4169-B4D6-04F09DB3FE6E}.Release|x86.Build.0 = Release|Win32
		{110FA2F1-1C18-480C-BA0C-557C679719F2}.Debug|x64.ActiveCfg = Debug|x64
		{110FA2F1-1C18-480C-BA0C-557C679719F2}.Debug|x64.Build.0 = Debug|x64
		{110FA2F1-1C18-480C-BA0C-557C679719F2}.Debug|x86.ActiveCfg = Debug|Win32
		{110FA2F1-1C18-480C-BA0C-557C679719F2}.Debug|x86.Build.0 = Debug|Win32
		{110FA2F1-1C18-480C-BA0C-557C679719F2}.Release|x64.ActiveCfg = Release|x64
		{110FA2F1-1C18-480C-BA0C-557C679719F2}.Release|x64.Build.0 = Release|x64
		{110FA2F1-1C18-480C-BA0C-557C679719F2}.Release|x86.ActiveCfg = Release|Win32
		{110FA2F1-1C18-480C-BA0C-557C679719F2}.Release|x86.Build.0 = Release|Win32
		{4BC7E12B-6238-4EA3-96A2-5FB0F31B76A8}.Debug|x64.ActiveCfg = Debug|x64
		{4BC7E12B-6238-4EA3-96A2-5FB0F31B76A8}.Debug|x64.Build.0 = Debug|x64
		{4BC7E12B-6238-4EA3-96A2-5FB0F31B76A8}.Debug|x86.ActiveCfg = Debug|Win32
		{4BC7E12B-6238-4EA3-96A2-5FB0F31B76A8}.Debug|x86.Build.0 = Debug|Win32
		{4BC7E12B-6238-4EA3-96A2-5FB0F31B76A8}.Release|x64.ActiveCfg = Release|x64
		{4BC7E12B-6238-4EA3-96A2-5FB0F31B76A8}.Release|x64.Build.0 = Release|x64
		{4BC7E12B-6238-4EA3-96A2-5FB0F31B76A8}.Release|x86.ActiveCfg = Release|Win32
		{4BC7E12B-6238-4EA3-96A2-5FB0F31B76A8}.Release|x86.Build.0 = Release|Win32
	EndGlobalSection
	GlobalSection(SolutionProperties) = preSolution
		HideSolutionNode = FALSE
	EndGlobalSection
	GlobalSection(ExtensibilityGlobals) = postSolution
		SolutionGuid = {7531EC7E-064B-44AB-9F5C-7B505C72C4FE}
	EndGlobalSection
EndGlobal
